
Microsoft Visual Studio Solution File, Format Version 12.00
# Visual Studio 15
VisualStudioVersion = 15.0.26430.14
MinimumVisualStudioVersion = 10.0.40219.1
Project("{FAE04EC0-301F-11D3-BF4B-00C04F79EFBC}") = "web", "web\web.csproj", "{2A50F973-7D9A-4DAA-9D93-55CE149FDCA9}"
EndProject
Project("{FAE04EC0-301F-11D3-BF4B-00C04F79EFBC}") = "Data", "Data\Data.csproj", "{A6031A28-6FA8-4957-9523-0044F6F3E7E5}"
EndProject
Project("{FAE04EC0-301F-11D3-BF4B-00C04F79EFBC}") = "Entities", "Entities\Entities.csproj", "{F8050CD2-AB87-4C5C-AD37-1049BD5555F5}"
EndProject
Project("{FAE04EC0-301F-11D3-BF4B-00C04F79EFBC}") = "Core", "Core\Core.csproj", "{37363BD3-8114-4C09-A4C5-C0C52E4BE5ED}"
EndProject
Global
	GlobalSection(SolutionConfigurationPlatforms) = preSolution
		Debug|Any CPU = Debug|Any CPU
		Release|Any CPU = Release|Any CPU
	EndGlobalSection
	GlobalSection(ProjectConfigurationPlatforms) = postSolution
		{2A50F973-7D9A-4DAA-9D93-55CE149FDCA9}.Debug|Any CPU.ActiveCfg = Debug|Any CPU
		{2A50F973-7D9A-4DAA-9D93-55CE149FDCA9}.Debug|Any CPU.Build.0 = Debug|Any CPU
		{2A50F973-7D9A-4DAA-9D93-55CE149FDCA9}.Release|Any CPU.ActiveCfg = Release|Any CPU
		{2A50F973-7D9A-4DAA-9D93-55CE149FDCA9}.Release|Any CPU.Build.0 = Release|Any CPU
		{A6031A28-6FA8-4957-9523-0044F6F3E7E5}.Debug|Any CPU.ActiveCfg = Debug|Any CPU
		{A6031A28-6FA8-4957-9523-0044F6F3E7E5}.Debug|Any CPU.Build.0 = Debug|Any CPU
		{A6031A28-6FA8-4957-9523-0044F6F3E7E5}.Release|Any CPU.ActiveCfg = Release|Any CPU
		{A6031A28-6FA8-4957-9523-0044F6F3E7E5}.Release|Any CPU.Build.0 = Release|Any CPU
		{F8050CD2-AB87-4C5C-AD37-1049BD5555F5}.Debug|Any CPU.ActiveCfg = Debug|Any CPU
		{F8050CD2-AB87-4C5C-AD37-1049BD5555F5}.Debug|Any CPU.Build.0 = Debug|Any CPU
		{F8050CD2-AB87-4C5C-AD37-1049BD5555F5}.Release|Any CPU.ActiveCfg = Release|Any CPU
		{F8050CD2-AB87-4C5C-AD37-1049BD5555F5}.Release|Any CPU.Build.0 = Release|Any CPU
		{37363BD3-8114-4C09-A4C5-C0C52E4BE5ED}.Debug|Any CPU.ActiveCfg = Debug|Any CPU
		{37363BD3-8114-4C09-A4C5-C0C52E4BE5ED}.Debug|Any CPU.Build.0 = Debug|Any CPU
		{37363BD3-8114-4C09-A4C5-C0C52E4BE5ED}.Release|Any CPU.ActiveCfg = Release|Any CPU
		{37363BD3-8114-4C09-A4C5-C0C52E4BE5ED}.Release|Any CPU.Build.0 = Release|Any CPU
	EndGlobalSection
	GlobalSection(SolutionProperties) = preSolution
		HideSolutionNode = FALSE
	EndGlobalSection
EndGlobal
